%{
  "baby": {:hex, :baby, "0.25.2", "605979bc4c4132c86f7b450a537ea19a77fcd57754d505c625b8b6b0e7dad7b4", [:mix], [{:baobab, "~> 0.20.0", [hex: :baobab, repo: "hexpm", optional: false]}, {:blake2, "~> 1.0", [hex: :blake2, repo: "hexpm", optional: false]}, {:cbor, "~> 1.0", [hex: :cbor, repo: "hexpm", optional: false]}, {:enacl, "~> 1.2", [hex: :enacl, repo: "hexpm", optional: false]}, {:primacy, ">= 0.0.0", [hex: :primacy, repo: "hexpm", optional: false]}, {:ranch, "~> 1.8", [hex: :ranch, repo: "hexpm", optional: false]}, {:stlv, "~> 1.0", [hex: :stlv, repo: "hexpm", optional: false]}, {:varu64, "~> 1.0", [hex: :varu64, repo: "hexpm", optional: false]}], "hexpm", "6db5a5ac696aa0ff5fa20ff2f6c56afa67cd5f4689a84a9ce2825bcd75714d0b"},
  "baobab": {:hex, :baobab, "0.20.0", "d984c8ccf2ee9b0920292fe35e6c74967f5a2a05ad45d32112e8094090a72a4b", [:mix], [{:basex, ">= 0.0.0", [hex: :basex, repo: "hexpm", optional: false]}, {:ed25519, "~> 1.4", [hex: :ed25519, repo: "hexpm", optional: false]}, {:enacl, "~> 1.2", [hex: :enacl, repo: "hexpm", optional: false]}, {:jason, "~> 1.4", [hex: :jason, repo: "hexpm", optional: false]}, {:lipmaa, ">= 1.1.0", [hex: :lipmaa, repo: "hexpm", optional: false]}, {:varu64, "~> 1.0.0", [hex: :varu64, repo: "hexpm", optional: false]}, {:yamfhash, ">= 1.0.0", [hex: :yamfhash, repo: "hexpm", optional: false]}], "hexpm", "4ccc8787f8d89906436c832f59cac542081a5bd1177c95d82cc465a5154e392f"},
  "basex": {:hex, :basex, "1.3.3", "857f4df811430d48890863b67bebc115b2d437d78f428ed4125d6edf5d09f80c", [:mix], [], "hexpm", "3a8eaf27124340417d5aa1d7a926a7186f2ea37dbd574426ba521614121fce8d"},
  "blake2": {:hex, :blake2, "1.0.4", "8263c69a191142922bc2510f1ffc0de0ae96e8c3bd5e2ad3fac7e87aed94c8b1", [:mix], [], "hexpm", "e9f4120d163ba14d86304195e50745fa18483e6ad2be94c864ae449bbdd6a189"},
  "cbor": {:hex, :cbor, "1.0.1", "39511158e8ea5a57c1fcb9639aaa7efde67129678fee49ebbda780f6f24959b0", [:mix], [], "hexpm", "5431acbe7a7908f17f6a9cd43311002836a34a8ab01876918d8cfb709cd8b6a2"},
  "ed25519": {:hex, :ed25519, "1.4.1", "479fb83c3e31987c9cad780e6aeb8f2015fb5a482618cdf2a825c9aff809afc4", [:mix], [], "hexpm", "0dacb84f3faa3d8148e81019ca35f9d8dcee13232c32c9db5c2fb8ff48c80ec7"},
  "enacl": {:hex, :enacl, "1.2.1", "7776480b9b3d42a51d66dbbcbf17fa3d79285b3d2adcb4d5b5bd0b70f0ef1949", [:rebar3], [], "hexpm", "67bbbeddd2564dc899a3dcbc3765cd6ad71629134f1e500a50ec071f0f75e552"},
  "jason": {:hex, :jason, "1.4.1", "af1504e35f629ddcdd6addb3513c3853991f694921b1b9368b0bd32beb9f1b63", [:mix], [{:decimal, "~> 1.0 or ~> 2.0", [hex: :decimal, repo: "hexpm", optional: true]}], "hexpm", "fbb01ecdfd565b56261302f7e1fcc27c4fb8f32d56eab74db621fc154604a7a1"},
  "lipmaa": {:hex, :lipmaa, "1.1.1", "9200d40d80d67569159126869badc8881c0c1c1646f5f38a77e3cbfe49a8835c", [:mix], [], "hexpm", "cb0b251eddb7f3744ea3f3c1a46bdbf6ea0fe97c6e1dc763976e1a0a5e7956de"},
  "primacy": {:hex, :primacy, "0.1.0", "c76a2e9a8928ab0713a31dfeb709e3853a0492b5d5764cbb0d86aa392d22b5f1", [:mix], [], "hexpm", "8de0f3b3b4badc459dca3b32c1dc4c00a72cde58d062ea35376eade893e24e6b"},
  "quagga_def": {:hex, :quagga_def, "0.8.0", "8bfc5d3759677eb7f14ce961fd1044172c00bc892435d33147b81d14391200a3", [:mix], [], "hexpm", "886f1fba512db380b954320c0b726757601ba1c2f829b47a2b18ff031e3d5bf2"},
  "ranch": {:hex, :ranch, "1.8.0", "8c7a100a139fd57f17327b6413e4167ac559fbc04ca7448e9be9057311597a1d", [:make, :rebar3], [], "hexpm", "49fbcfd3682fab1f5d109351b61257676da1a2fdbe295904176d5e521a2ddfe5"},
  "stlv": {:hex, :stlv, "1.0.0", "9cbed432fe35b0c2ca760a0f261bc2565fe68aab362d0ff1095c4d3fb277653e", [:mix], [{:varu64, ">= 0.0.0", [hex: :varu64, repo: "hexpm", optional: false]}], "hexpm", "01e5448bbb88180d71345727019d1400b0a27ca8110907051b2f63b2ac436bea"},
  "varu64": {:hex, :varu64, "1.0.1", "5be91739629b11d9cd0dfa63204e9b461fe4d2d4ad325ad7a2d705daa557237b", [:mix], [], "hexpm", "18b73edfb878813da032140516a669af31f501048d390f0384acbf129379b991"},
  "yamfhash": {:hex, :yamfhash, "1.0.1", "12b3d4bc736887011db5efc2ee02b02ebf1665629080092e3459937bdbd23d8d", [:mix], [{:stlv, ">= 0.0.0", [hex: :stlv, repo: "hexpm", optional: false]}], "hexpm", "6fdcb3b1ea2f53e639ecca70d3c85670fda0e29eaae0863a808865921ba49eb2"},
}
